
Microsoft Visual Studio Solution File, Format Version 12.00
# Visual Studio Version 17
VisualStudioVersion = 17.8.34330.188
MinimumVisualStudioVersion = 10.0.40219.1
Project("{FAE04EC0-301F-11D3-BF4B-00C04F79EFBC}") = "CSharp003", "CSharp003\CSharp003.csproj", "{94A51601-2F10-4F06-88BA-209A3AF9D159}"
EndProject
Global
	GlobalSection(SolutionConfigurationPlatforms) = preSolution
		Debug|Any CPU = Debug|Any CPU
		Release|Any CPU = Release|Any CPU
	EndGlobalSection
	GlobalSection(ProjectConfigurationPlatforms) = postSolution
		{94A51601-2F10-4F06-88BA-209A3AF9D159}.Debug|Any CPU.ActiveCfg = Debug|Any CPU
		{94A51601-2F10-4F06-88BA-209A3AF9D159}.Debug|Any CPU.Build.0 = Debug|Any CPU
		{94A51601-2F10-4F06-88BA-209A3AF9D159}.Release|Any CPU.ActiveCfg = Release|Any CPU
		{94A51601-2F10-4F06-88BA-209A3AF9D159}.Release|Any CPU.Build.0 = Release|Any CPU
	EndGlobalSection
	GlobalSection(SolutionProperties) = preSolution
		HideSolutionNode = FALSE
	EndGlobalSection
	GlobalSection(ExtensibilityGlobals) = postSolution
		SolutionGuid = {B23DB649-04E8-458A-99DD-2BCDE318F98A}
	EndGlobalSection
EndGlobal
