
Microsoft Visual Studio Solution File, Format Version 12.00
# Visual Studio Version 17
VisualStudioVersion = 17.8.34330.188
MinimumVisualStudioVersion = 10.0.40219.1
Project("{FAE04EC0-301F-11D3-BF4B-00C04F79EFBC}") = "CSharp004", "CSharp004\CSharp004.csproj", "{01169D26-3690-489F-9962-97572627D82C}"
EndProject
Global
	GlobalSection(SolutionConfigurationPlatforms) = preSolution
		Debug|Any CPU = Debug|Any CPU
		Release|Any CPU = Release|Any CPU
	EndGlobalSection
	GlobalSection(ProjectConfigurationPlatforms) = postSolution
		{01169D26-3690-489F-9962-97572627D82C}.Debug|Any CPU.ActiveCfg = Debug|Any CPU
		{01169D26-3690-489F-9962-97572627D82C}.Debug|Any CPU.Build.0 = Debug|Any CPU
		{01169D26-3690-489F-9962-97572627D82C}.Release|Any CPU.ActiveCfg = Release|Any CPU
		{01169D26-3690-489F-9962-97572627D82C}.Release|Any CPU.Build.0 = Release|Any CPU
	EndGlobalSection
	GlobalSection(SolutionProperties) = preSolution
		HideSolutionNode = FALSE
	EndGlobalSection
	GlobalSection(ExtensibilityGlobals) = postSolution
		SolutionGuid = {1056A570-ECC7-4029-806C-76E9E4AB3C11}
	EndGlobalSection
EndGlobal
